
Microsoft Visual Studio Solution File, Format Version 12.00
# Visual Studio Version 16
VisualStudioVersion = 16.0.34031.81
MinimumVisualStudioVersion = 10.0.40219.1
Project("{FAE04EC0-301F-11D3-BF4B-00C04F79EFBC}") = "canvasDrawing", "canvasDrawing\canvasDrawing.csproj", "{333A3131-15AD-428D-88B5-6D80FDA2974E}"
EndProject
Global
	GlobalSection(SolutionConfigurationPlatforms) = preSolution
		Debug|Any CPU = Debug|Any CPU
		Release|Any CPU = Release|Any CPU
	EndGlobalSection
	GlobalSection(ProjectConfigurationPlatforms) = postSolution
		{333A3131-15AD-428D-88B5-6D80FDA2974E}.Debug|Any CPU.ActiveCfg = Debug|Any CPU
		{333A3131-15AD-428D-88B5-6D80FDA2974E}.Debug|Any CPU.Build.0 = Debug|Any CPU
		{333A3131-15AD-428D-88B5-6D80FDA2974E}.Release|Any CPU.ActiveCfg = Release|Any CPU
		{333A3131-15AD-428D-88B5-6D80FDA2974E}.Release|Any CPU.Build.0 = Release|Any CPU
	EndGlobalSection
	GlobalSection(SolutionProperties) = preSolution
		HideSolutionNode = FALSE
	EndGlobalSection
	GlobalSection(ExtensibilityGlobals) = postSolution
		SolutionGuid = {429147E2-6CE0-451F-AD87-C0028EF0671E}
	EndGlobalSection
EndGlobal
